{
  "pins" : [
    {
      "identity" : "promisekit",
      "kind" : "remoteSourceControl",
      "location" : "https://github.com/mxcl/PromiseKit.git",
      "state" : {
        "revision" : "c946b7561fbe11379a874e59faa2c5f8077ae0e1",
        "version" : "6.17.1"
      }
    },
    {
      "identity" : "snapkit",
      "kind" : "remoteSourceControl",
      "location" : "https://github.com/SnapKit/SnapKit.git",
      "state" : {
        "revision" : "f222cbdf325885926566172f6f5f06af95473158",
        "version" : "5.6.0"
      }
    },
    {
      "identity" : "swiftuix",
      "kind" : "remoteSourceControl",
      "location" : "https://github.com/SwiftUIX/SwiftUIX.git",
      "state" : {
        "revision" : "889c781539cdd1e6a1111472c711082522aa35c6",
        "version" : "0.1.2"
      }
    },
    {
      "identity" : "swiftystorekit",
      "kind" : "remoteSourceControl",
      "location" : "https://github.com/bizz84/SwiftyStoreKit.git",
      "state" : {
        "revision" : "9ce911639680113dac9b554d6243e406a9758ebe",
        "version" : "0.16.4"
      }
    }
  ],
  "version" : 2
}
